# generated by rye
# use `rye lock` or `rye sync` to update this lockfile
#
# last locked with the following flags:
#   pre: false
#   features: []
#   all-features: false
#   with-sources: false

-e file:.
annotated-types==0.6.0
    # via pydantic
anyio==4.3.0
    # via httpx
    # via openai
attrs==23.2.0
    # via outcome
    # via trio
beautifulsoup4==4.12.3
    # via bs4
bs4==0.0.2
    # via nlp-gun-project
certifi==2024.2.2
    # via httpcore
    # via httpx
    # via requests
    # via selenium
charset-normalizer==3.3.2
    # via requests
distro==1.9.0
    # via openai
h11==0.14.0
    # via httpcore
    # via wsproto
httpcore==1.0.5
    # via httpx
httpx==0.27.0
    # via openai
idna==3.7
    # via anyio
    # via httpx
    # via requests
    # via trio
openai==1.25.1
    # via nlp-gun-project
outcome==1.3.0.post0
    # via trio
pydantic==2.7.1
    # via openai
pydantic-core==2.18.2
    # via pydantic
pysocks==1.7.1
    # via urllib3
python-dotenv==1.0.1
    # via nlp-gun-project
regex==2024.4.28
    # via tiktoken
requests==2.31.0
    # via tiktoken
    # via vadersentiment
selenium==4.20.0
    # via nlp-gun-project
sniffio==1.3.1
    # via anyio
    # via httpx
    # via openai
    # via trio
sortedcontainers==2.4.0
    # via trio
soupsieve==2.5
    # via beautifulsoup4
tiktoken==0.6.0
    # via nlp-gun-project
tqdm==4.66.4
    # via openai
trio==0.25.0
    # via selenium
    # via trio-websocket
trio-websocket==0.11.1
    # via selenium
typing-extensions==4.11.0
    # via openai
    # via pydantic
    # via pydantic-core
    # via selenium
urllib3==2.2.1
    # via requests
    # via selenium
vadersentiment==3.3.2
    # via nlp-gun-project
wsproto==1.2.0
    # via trio-websocket
